// !$*UTF8*$!
{
	archiveVersion = 1;
	classes = {
	};
	objectVersion = 46;
	objects = {

/* Begin PBXBuildFile section */
		0113945D1A740F6300A50064 /* AppDelegate.swift in Sources */ = {isa = PBXBuildFile; fileRef = 0113945C1A740F6300A50064 /* AppDelegate.swift */; };
		0113945F1A740F6300A50064 /* PageViewController.swift in Sources */ = {isa = PBXBuildFile; fileRef = 0113945E1A740F6300A50064 /* PageViewController.swift */; };
		011394641A740F6300A50064 /* Images.xcassets in Resources */ = {isa = PBXBuildFile; fileRef = 011394631A740F6300A50064 /* Images.xcassets */; };
		011394671A740F6300A50064 /* LaunchScreen.xib in Resources */ = {isa = PBXBuildFile; fileRef = 011394651A740F6300A50064 /* LaunchScreen.xib */; };
		011394731A740F6300A50064 /* l8r_hellTests.swift in Sources */ = {isa = PBXBuildFile; fileRef = 011394721A740F6300A50064 /* l8r_hellTests.swift */; };
		0113947D1A7411CC00A50064 /* CameraViewController.swift in Sources */ = {isa = PBXBuildFile; fileRef = 0113947C1A7411CC00A50064 /* CameraViewController.swift */; };
		0113947F1A741A5900A50064 /* InboxViewController.swift in Sources */ = {isa = PBXBuildFile; fileRef = 0113947E1A741A5900A50064 /* InboxViewController.swift */; };
		011394831A74239600A50064 /* OverlayView.xib in Resources */ = {isa = PBXBuildFile; fileRef = 011394821A74239600A50064 /* OverlayView.xib */; };
		011394861A7471BB00A50064 /* Main.storyboard in Resources */ = {isa = PBXBuildFile; fileRef = 011394841A7471BB00A50064 /* Main.storyboard */; };
/* End PBXBuildFile section */

/* Begin PBXContainerItemProxy section */
		0113946D1A740F6300A50064 /* PBXContainerItemProxy */ = {
			isa = PBXContainerItemProxy;
			containerPortal = 0113944F1A740F6300A50064 /* Project object */;
			proxyType = 1;
			remoteGlobalIDString = 011394561A740F6300A50064;
			remoteInfo = l8r_hell;
		};
/* End PBXContainerItemProxy section */

/* Begin PBXFileReference section */
		011394571A740F6300A50064 /* l8r_hell.app */ = {isa = PBXFileReference; explicitFileType = wrapper.application; includeInIndex = 0; path = l8r_hell.app; sourceTree = BUILT_PRODUCTS_DIR; };
		0113945B1A740F6300A50064 /* Info.plist */ = {isa = PBXFileReference; lastKnownFileType = text.plist.xml; path = Info.plist; sourceTree = "<group>"; };
		0113945C1A740F6300A50064 /* AppDelegate.swift */ = {isa = PBXFileReference; lastKnownFileType = sourcecode.swift; path = AppDelegate.swift; sourceTree = "<group>"; };
		0113945E1A740F6300A50064 /* PageViewController.swift */ = {isa = PBXFileReference; lastKnownFileType = sourcecode.swift; path = PageViewController.swift; sourceTree = "<group>"; };
		011394631A740F6300A50064 /* Images.xcassets */ = {isa = PBXFileReference; lastKnownFileType = folder.assetcatalog; path = Images.xcassets; sourceTree = "<group>"; };
		011394661A740F6300A50064 /* Base */ = {isa = PBXFileReference; lastKnownFileType = file.xib; name = Base; path = Base.lproj/LaunchScreen.xib; sourceTree = "<group>"; };
		0113946C1A740F6300A50064 /* l8r_hellTests.xctest */ = {isa = PBXFileReference; explicitFileType = wrapper.cfbundle; includeInIndex = 0; path = l8r_hellTests.xctest; sourceTree = BUILT_PRODUCTS_DIR; };
		011394711A740F6300A50064 /* Info.plist */ = {isa = PBXFileReference; lastKnownFileType = text.plist.xml; path = Info.plist; sourceTree = "<group>"; };
		011394721A740F6300A50064 /* l8r_hellTests.swift */ = {isa = PBXFileReference; lastKnownFileType = sourcecode.swift; path = l8r_hellTests.swift; sourceTree = "<group>"; };
		0113947C1A7411CC00A50064 /* CameraViewController.swift */ = {isa = PBXFileReference; fileEncoding = 4; lastKnownFileType = sourcecode.swift; path = CameraViewController.swift; sourceTree = "<group>"; };
		0113947E1A741A5900A50064 /* InboxViewController.swift */ = {isa = PBXFileReference; fileEncoding = 4; lastKnownFileType = sourcecode.swift; path = InboxViewController.swift; sourceTree = "<group>"; };
		011394821A74239600A50064 /* OverlayView.xib */ = {isa = PBXFileReference; fileEncoding = 4; lastKnownFileType = file.xib; name = OverlayView.xib; path = ../OverlayView.xib; sourceTree = "<group>"; };
		011394851A7471BB00A50064 /* Base */ = {isa = PBXFileReference; lastKnownFileType = file.storyboard; name = Base; path = Base.lproj/Main.storyboard; sourceTree = "<group>"; };
/* End PBXFileReference section */

/* Begin PBXFrameworksBuildPhase section */
		011394541A740F6300A50064 /* Frameworks */ = {
			isa = PBXFrameworksBuildPhase;
			buildActionMask = 2147483647;
			files = (
			);
			runOnlyForDeploymentPostprocessing = 0;
		};
		011394691A740F6300A50064 /* Frameworks */ = {
			isa = PBXFrameworksBuildPhase;
			buildActionMask = 2147483647;
			files = (
			);
			runOnlyForDeploymentPostprocessing = 0;
		};
/* End PBXFrameworksBuildPhase section */

/* Begin PBXGroup section */
		0113944E1A740F6300A50064 = {
			isa = PBXGroup;
			children = (
				011394591A740F6300A50064 /* l8r_hell */,
				0113946F1A740F6300A50064 /* l8r_hellTests */,
				011394581A740F6300A50064 /* Products */,
			);
			sourceTree = "<group>";
		};
		011394581A740F6300A50064 /* Products */ = {
			isa = PBXGroup;
			children = (
				011394571A740F6300A50064 /* l8r_hell.app */,
				0113946C1A740F6300A50064 /* l8r_hellTests.xctest */,
			);
			name = Products;
			sourceTree = "<group>";
		};
		011394591A740F6300A50064 /* l8r_hell */ = {
			isa = PBXGroup;
			children = (
				011394821A74239600A50064 /* OverlayView.xib */,
				0113945C1A740F6300A50064 /* AppDelegate.swift */,
				0113945E1A740F6300A50064 /* PageViewController.swift */,
				011394841A7471BB00A50064 /* Main.storyboard */,
				0113947E1A741A5900A50064 /* InboxViewController.swift */,
				0113947C1A7411CC00A50064 /* CameraViewController.swift */,
				011394631A740F6300A50064 /* Images.xcassets */,
				011394651A740F6300A50064 /* LaunchScreen.xib */,
				0113945A1A740F6300A50064 /* Supporting Files */,
			);
			path = l8r_hell;
			sourceTree = "<group>";
		};
		0113945A1A740F6300A50064 /* Supporting Files */ = {
			isa = PBXGroup;
			children = (
				0113945B1A740F6300A50064 /* Info.plist */,
			);
			name = "Supporting Files";
			sourceTree = "<group>";
		};
		0113946F1A740F6300A50064 /* l8r_hellTests */ = {
			isa = PBXGroup;
			children = (
				011394721A740F6300A50064 /* l8r_hellTests.swift */,
				011394701A740F6300A50064 /* Supporting Files */,
			);
			path = l8r_hellTests;
			sourceTree = "<group>";
		};
		011394701A740F6300A50064 /* Supporting Files */ = {
			isa = PBXGroup;
			children = (
				011394711A740F6300A50064 /* Info.plist */,
			);
			name = "Supporting Files";
			sourceTree = "<group>";
		};
/* End PBXGroup section */

/* Begin PBXNativeTarget section */
		011394561A740F6300A50064 /* l8r_hell */ = {
			isa = PBXNativeTarget;
			buildConfigurationList = 011394761A740F6300A50064 /* Build configuration list for PBXNativeTarget "l8r_hell" */;
			buildPhases = (
				011394531A740F6300A50064 /* Sources */,
				011394541A740F6300A50064 /* Frameworks */,
				011394551A740F6300A50064 /* Resources */,
			);
			buildRules = (
			);
			dependencies = (
			);
			name = l8r_hell;
			productName = l8r_hell;
			productReference = 011394571A740F6300A50064 /* l8r_hell.app */;
			productType = "com.apple.product-type.application";
		};
		0113946B1A740F6300A50064 /* l8r_hellTests */ = {
			isa = PBXNativeTarget;
			buildConfigurationList = 011394791A740F6300A50064 /* Build configuration list for PBXNativeTarget "l8r_hellTests" */;
			buildPhases = (
				011394681A740F6300A50064 /* Sources */,
				011394691A740F6300A50064 /* Frameworks */,
				0113946A1A740F6300A50064 /* Resources */,
			);
			buildRules = (
			);
			dependencies = (
				0113946E1A740F6300A50064 /* PBXTargetDependency */,
			);
			name = l8r_hellTests;
			productName = l8r_hellTests;
			productReference = 0113946C1A740F6300A50064 /* l8r_hellTests.xctest */;
			productType = "com.apple.product-type.bundle.unit-test";
		};
/* End PBXNativeTarget section */

/* Begin PBXProject section */
		0113944F1A740F6300A50064 /* Project object */ = {
			isa = PBXProject;
			attributes = {
				LastUpgradeCheck = 0610;
				ORGANIZATIONNAME = poemsio;
				TargetAttributes = {
					011394561A740F6300A50064 = {
						CreatedOnToolsVersion = 6.1.1;
					};
					0113946B1A740F6300A50064 = {
						CreatedOnToolsVersion = 6.1.1;
						TestTargetID = 011394561A740F6300A50064;
					};
				};
			};
			buildConfigurationList = 011394521A740F6300A50064 /* Build configuration list for PBXProject "l8r_hell" */;
			compatibilityVersion = "Xcode 3.2";
			developmentRegion = English;
			hasScannedForEncodings = 0;
			knownRegions = (
				en,
				Base,
			);
			mainGroup = 0113944E1A740F6300A50064;
			productRefGroup = 011394581A740F6300A50064 /* Products */;
			projectDirPath = "";
			projectRoot = "";
			targets = (
				011394561A740F6300A50064 /* l8r_hell */,
				0113946B1A740F6300A50064 /* l8r_hellTests */,
			);
		};
/* End PBXProject section */

/* Begin PBXResourcesBuildPhase section */
		011394551A740F6300A50064 /* Resources */ = {
			isa = PBXResourcesBuildPhase;
			buildActionMask = 2147483647;
			files = (
				011394831A74239600A50064 /* OverlayView.xib in Resources */,
				011394671A740F6300A50064 /* LaunchScreen.xib in Resources */,
				011394641A740F6300A50064 /* Images.xcassets in Resources */,
				011394861A7471BB00A50064 /* Main.storyboard in Resources */,
			);
			runOnlyForDeploymentPostprocessing = 0;
		};
		0113946A1A740F6300A50064 /* Resources */ = {
			isa = PBXResourcesBuildPhase;
			buildActionMask = 2147483647;
			files = (
			);
			runOnlyForDeploymentPostprocessing = 0;
		};
/* End PBXResourcesBuildPhase section */

/* Begin PBXSourcesBuildPhase section */
		011394531A740F6300A50064 /* Sources */ = {
			isa = PBXSourcesBuildPhase;
			buildActionMask = 2147483647;
			files = (
				0113945F1A740F6300A50064 /* PageViewController.swift in Sources */,
				0113945D1A740F6300A50064 /* AppDelegate.swift in Sources */,
				0113947D1A7411CC00A50064 /* CameraViewController.swift in Sources */,
				0113947F1A741A5900A50064 /* InboxViewController.swift in Sources */,
			);
			runOnlyForDeploymentPostprocessing = 0;
		};
		011394681A740F6300A50064 /* Sources */ = {
			isa = PBXSourcesBuildPhase;
			buildActionMask = 2147483647;
			files = (
				011394731A740F6300A50064 /* l8r_hellTests.swift in Sources */,
			);
			runOnlyForDeploymentPostprocessing = 0;
		};
/* End PBXSourcesBuildPhase section */

/* Begin PBXTargetDependency section */
		0113946E1A740F6300A50064 /* PBXTargetDependency */ = {
			isa = PBXTargetDependency;
			target = 011394561A740F6300A50064 /* l8r_hell */;
			targetProxy = 0113946D1A740F6300A50064 /* PBXContainerItemProxy */;
		};
/* End PBXTargetDependency section */

/* Begin PBXVariantGroup section */
		011394651A740F6300A50064 /* LaunchScreen.xib */ = {
			isa = PBXVariantGroup;
			children = (
				011394661A740F6300A50064 /* Base */,
			);
			name = LaunchScreen.xib;
			sourceTree = "<group>";
		};
		011394841A7471BB00A50064 /* Main.storyboard */ = {
			isa = PBXVariantGroup;
			children = (
				011394851A7471BB00A50064 /* Base */,
			);
			name = Main.storyboard;
			sourceTree = "<group>";
		};
/* End PBXVariantGroup section */

/* Begin XCBuildConfiguration section */
		011394741A740F6300A50064 /* Debug */ = {
			isa = XCBuildConfiguration;
			buildSettings = {
				ALWAYS_SEARCH_USER_PATHS = NO;
				CLANG_CXX_LANGUAGE_STANDARD = "gnu++0x";
				CLANG_CXX_LIBRARY = "libc++";
				CLANG_ENABLE_MODULES = YES;
				CLANG_ENABLE_OBJC_ARC = YES;
				CLANG_WARN_BOOL_CONVERSION = YES;
				CLANG_WARN_CONSTANT_CONVERSION = YES;
				CLANG_WARN_DIRECT_OBJC_ISA_USAGE = YES_ERROR;
				CLANG_WARN_EMPTY_BODY = YES;
				CLANG_WARN_ENUM_CONVERSION = YES;
				CLANG_WARN_INT_CONVERSION = YES;
				CLANG_WARN_OBJC_ROOT_CLASS = YES_ERROR;
				CLANG_WARN_UNREACHABLE_CODE = YES;
				CLANG_WARN__DUPLICATE_METHOD_MATCH = YES;
				"CODE_SIGN_IDENTITY[sdk=iphoneos*]" = "iPhone Developer";
				COPY_PHASE_STRIP = NO;
				ENABLE_STRICT_OBJC_MSGSEND = YES;
				GCC_C_LANGUAGE_STANDARD = gnu99;
				GCC_DYNAMIC_NO_PIC = NO;
				GCC_OPTIMIZATION_LEVEL = 0;
				GCC_PREPROCESSOR_DEFINITIONS = (
					"DEBUG=1",
					"$(inherited)",
				);
				GCC_SYMBOLS_PRIVATE_EXTERN = NO;
				GCC_WARN_64_TO_32_BIT_CONVERSION = YES;
				GCC_WARN_ABOUT_RETURN_TYPE = YES_ERROR;
				GCC_WARN_UNDECLARED_SELECTOR = YES;
				GCC_WARN_UNINITIALIZED_AUTOS = YES_AGGRESSIVE;
				GCC_WARN_UNUSED_FUNCTION = YES;
				GCC_WARN_UNUSED_VARIABLE = YES;
				IPHONEOS_DEPLOYMENT_TARGET = 8.1;
				MTL_ENABLE_DEBUG_INFO = YES;
				ONLY_ACTIVE_ARCH = YES;
				SDKROOT = iphoneos;
				SWIFT_OPTIMIZATION_LEVEL = "-Onone";
			};
			name = Debug;
		};
		011394751A740F6300A50064 /* Release */ = {
			isa = XCBuildConfiguration;
			buildSettings = {
				ALWAYS_SEARCH_USER_PATHS = NO;
				CLANG_CXX_LANGUAGE_STANDARD = "gnu++0x";
				CLANG_CXX_LIBRARY = "libc++";
				CLANG_ENABLE_MODULES = YES;
				CLANG_ENABLE_OBJC_ARC = YES;
				CLANG_WARN_BOOL_CONVERSION = YES;
				CLANG_WARN_CONSTANT_CONVERSION = YES;
				CLANG_WARN_DIRECT_OBJC_ISA_USAGE = YES_ERROR;
				CLANG_WARN_EMPTY_BODY = YES;
				CLANG_WARN_ENUM_CONVERSION = YES;
				CLANG_WARN_INT_CONVERSION = YES;
				CLANG_WARN_OBJC_ROOT_CLASS = YES_ERROR;
				CLANG_WARN_UNREACHABLE_CODE = YES;
				CLANG_WARN__DUPLICATE_METHOD_MATCH = YES;
				"CODE_SIGN_IDENTITY[sdk=iphoneos*]" = "iPhone Developer";
				COPY_PHASE_STRIP = YES;
				ENABLE_NS_ASSERTIONS = NO;
				ENABLE_STRICT_OBJC_MSGSEND = YES;
				GCC_C_LANGUAGE_STANDARD = gnu99;
				GCC_WARN_64_TO_32_BIT_CONVERSION = YES;
				GCC_WARN_ABOUT_RETURN_TYPE = YES_ERROR;
				GCC_WARN_UNDECLARED_SELECTOR = YES;
				GCC_WARN_UNINITIALIZED_AUTOS = YES_AGGRESSIVE;
				GCC_WARN_UNUSED_FUNCTION = YES;
				GCC_WARN_UNUSED_VARIABLE = YES;
				IPHONEOS_DEPLOYMENT_TARGET = 8.1;
				MTL_ENABLE_DEBUG_INFO = NO;
				SDKROOT = iphoneos;
				VALIDATE_PRODUCT = YES;
			};
			name = Release;
		};
		011394771A740F6300A50064 /* Debug */ = {
			isa = XCBuildConfiguration;
			buildSettings = {
				ASSETCATALOG_COMPILER_APPICON_NAME = AppIcon;
				INFOPLIST_FILE = l8r_hell/Info.plist;
				LD_RUNPATH_SEARCH_PATHS = "$(inherited) @executable_path/Frameworks";
				PRODUCT_NAME = "$(TARGET_NAME)";
			};
			name = Debug;
		};
		011394781A740F6300A50064 /* Release */ = {
			isa = XCBuildConfiguration;
			buildSettings = {
				ASSETCATALOG_COMPILER_APPICON_NAME = AppIcon;
				INFOPLIST_FILE = l8r_hell/Info.plist;
				LD_RUNPATH_SEARCH_PATHS = "$(inherited) @executable_path/Frameworks";
				PRODUCT_NAME = "$(TARGET_NAME)";
			};
			name = Release;
		};
		0113947A1A740F6300A50064 /* Debug */ = {
			isa = XCBuildConfiguration;
			buildSettings = {
				BUNDLE_LOADER = "$(TEST_HOST)";
				FRAMEWORK_SEARCH_PATHS = (
					"$(SDKROOT)/Developer/Library/Frameworks",
					"$(inherited)",
				);
				GCC_PREPROCESSOR_DEFINITIONS = (
					"DEBUG=1",
					"$(inherited)",
				);
				INFOPLIST_FILE = l8r_hellTests/Info.plist;
				LD_RUNPATH_SEARCH_PATHS = "$(inherited) @executable_path/Frameworks @loader_path/Frameworks";
				PRODUCT_NAME = "$(TARGET_NAME)";
				TEST_HOST = "$(BUILT_PRODUCTS_DIR)/l8r_hell.app/l8r_hell";
			};
			name = Debug;
		};
		0113947B1A740F6300A50064 /* Release */ = {
			isa = XCBuildConfiguration;
			buildSettings = {
				BUNDLE_LOADER = "$(TEST_HOST)";
				FRAMEWORK_SEARCH_PATHS = (
					"$(SDKROOT)/Developer/Library/Frameworks",
					"$(inherited)",
				);
				INFOPLIST_FILE = l8r_hellTests/Info.plist;
				LD_RUNPATH_SEARCH_PATHS = "$(inherited) @executable_path/Frameworks @loader_path/Frameworks";
				PRODUCT_NAME = "$(TARGET_NAME)";
				TEST_HOST = "$(BUILT_PRODUCTS_DIR)/l8r_hell.app/l8r_hell";
			};
			name = Release;
		};
/* End XCBuildConfiguration section */

/* Begin XCConfigurationList section */
		011394521A740F6300A50064 /* Build configuration list for PBXProject "l8r_hell" */ = {
			isa = XCConfigurationList;
			buildConfigurations = (
				011394741A740F6300A50064 /* Debug */,
				011394751A740F6300A50064 /* Release */,
			);
			defaultConfigurationIsVisible = 0;
			defaultConfigurationName = Release;
		};
		011394761A740F6300A50064 /* Build configuration list for PBXNativeTarget "l8r_hell" */ = {
			isa = XCConfigurationList;
			buildConfigurations = (
				011394771A740F6300A50064 /* Debug */,
				011394781A740F6300A50064 /* Release */,
			);
			defaultConfigurationIsVisible = 0;
			defaultConfigurationName = Release;
		};
		011394791A740F6300A50064 /* Build configuration list for PBXNativeTarget "l8r_hellTests" */ = {
			isa = XCConfigurationList;
			buildConfigurations = (
				0113947A1A740F6300A50064 /* Debug */,
				0113947B1A740F6300A50064 /* Release */,
			);
			defaultConfigurationIsVisible = 0;
			defaultConfigurationName = Release;
		};
/* End XCConfigurationList section */
	};
	rootObject = 0113944F1A740F6300A50064 /* Project object */;
}
